
Microsoft Visual Studio Solution File, Format Version 12.00
# Visual Studio Version 17
VisualStudioVersion = 17.9.34714.143
MinimumVisualStudioVersion = 10.0.40219.1
Project("{9A19103F-16F7-4668-BE54-9A1E7A4F7556}") = "WebAPI", "WebAPI\WebAPI.csproj", "{9C383031-A663-4763-A48B-C84E775702ED}"
EndProject
Global
	GlobalSection(SolutionConfigurationPlatforms) = preSolution
		Debug|Any CPU = Debug|Any CPU
		Release|Any CPU = Release|Any CPU
	EndGlobalSection
	GlobalSection(ProjectConfigurationPlatforms) = postSolution
		{9C383031-A663-4763-A48B-C84E775702ED}.Debug|Any CPU.ActiveCfg = Debug|Any CPU
		{9C383031-A663-4763-A48B-C84E775702ED}.Debug|Any CPU.Build.0 = Debug|Any CPU
		{9C383031-A663-4763-A48B-C84E775702ED}.Release|Any CPU.ActiveCfg = Release|Any CPU
		{9C383031-A663-4763-A48B-C84E775702ED}.Release|Any CPU.Build.0 = Release|Any CPU
	EndGlobalSection
	GlobalSection(SolutionProperties) = preSolution
		HideSolutionNode = FALSE
	EndGlobalSection
	GlobalSection(ExtensibilityGlobals) = postSolution
		SolutionGuid = {2ADDC233-B688-41E8-9A4B-033C5B774F21}
	EndGlobalSection
EndGlobal
